// !$*UTF8*$!
{
	archiveVersion = 1;
	classes = {
	};
	objectVersion = 50;
	objects = {

/* Begin PBXBuildFile section */
		D427370220E2729C00B11C31 /* AudioPlayer.framework in Embed Frameworks */ = {isa = PBXBuildFile; fileRef = DA3E943820E1024B00F049AD /* AudioPlayer.framework */; settings = {ATTRIBUTES = (CodeSignOnCopy, RemoveHeadersOnCopy, ); }; };
		DA2C104220F88B4F00EDC0D4 /* Presenter+PlayerDelegate.swift in Sources */ = {isa = PBXBuildFile; fileRef = DA2C104120F88B4F00EDC0D4 /* Presenter+PlayerDelegate.swift */; };
		DA2C104420F88B9600EDC0D4 /* Presenter+Control.swift in Sources */ = {isa = PBXBuildFile; fileRef = DA2C104320F88B9600EDC0D4 /* Presenter+Control.swift */; };
		DA2C104620F88F2000EDC0D4 /* ViewModel.swift in Sources */ = {isa = PBXBuildFile; fileRef = DA2C104520F88F2000EDC0D4 /* ViewModel.swift */; };
		DA2C104820F8936100EDC0D4 /* ViewToolbar.swift in Sources */ = {isa = PBXBuildFile; fileRef = DA2C104720F8936100EDC0D4 /* ViewToolbar.swift */; };
		DA3E941D20E0FF3400F049AD /* LaunchScreen.storyboard in Resources */ = {isa = PBXBuildFile; fileRef = DA3E941B20E0FF3400F049AD /* LaunchScreen.storyboard */; };
		DA3E941F20E0FF4800F049AD /* Application.swift in Sources */ = {isa = PBXBuildFile; fileRef = DA3E941E20E0FF4800F049AD /* Application.swift */; };
		DA5E48D020E109D2003F4619 /* View.swift in Sources */ = {isa = PBXBuildFile; fileRef = DA5E48CF20E109D2003F4619 /* View.swift */; };
		DA606AEC20E10E1F003C6EFB /* Presenter.swift in Sources */ = {isa = PBXBuildFile; fileRef = DA606AEB20E10E1F003C6EFB /* Presenter.swift */; };
		DA606AF220E1115D003C6EFB /* ViewContent.swift in Sources */ = {isa = PBXBuildFile; fileRef = DA606AF120E1115D003C6EFB /* ViewContent.swift */; };
		DA606AF620E1149B003C6EFB /* Navigation.swift in Sources */ = {isa = PBXBuildFile; fileRef = DA606AF520E1149B003C6EFB /* Navigation.swift */; };
		DA606AF920E11531003C6EFB /* Localizable.strings in Resources */ = {isa = PBXBuildFile; fileRef = DA606AF720E11531003C6EFB /* Localizable.strings */; };
		DA606AFB20E1299E003C6EFB /* guitars.m4a in Resources */ = {isa = PBXBuildFile; fileRef = DA606AFA20E1299E003C6EFB /* guitars.m4a */; };
		DADA3C17210B3D4800AE98A9 /* Black_Acid_Prophecy_-_14_-_Servant_of_the_Storm.mp3 in Resources */ = {isa = PBXBuildFile; fileRef = DADA3C14210B3D4800AE98A9 /* Black_Acid_Prophecy_-_14_-_Servant_of_the_Storm.mp3 */; };
		DADA3C18210B3D4800AE98A9 /* Medusah_Black_-_07_-_Guilty_Pleasure.mp3 in Resources */ = {isa = PBXBuildFile; fileRef = DADA3C15210B3D4800AE98A9 /* Medusah_Black_-_07_-_Guilty_Pleasure.mp3 */; };
		DADA3C19210B3D4800AE98A9 /* Space_Heater_-_04_-_Mode_7.mp3 in Resources */ = {isa = PBXBuildFile; fileRef = DADA3C16210B3D4800AE98A9 /* Space_Heater_-_04_-_Mode_7.mp3 */; };
		DAE8F32720F8D07400EE1B0C /* Constants.swift in Sources */ = {isa = PBXBuildFile; fileRef = DAE8F32620F8D07400EE1B0C /* Constants.swift */; };
/* End PBXBuildFile section */

/* Begin PBXCopyFilesBuildPhase section */
		DA53E90020E2697100CE899D /* Embed Frameworks */ = {
			isa = PBXCopyFilesBuildPhase;
			buildActionMask = 2147483647;
			dstPath = "";
			dstSubfolderSpec = 10;
			files = (
				D427370220E2729C00B11C31 /* AudioPlayer.framework in Embed Frameworks */,
			);
			name = "Embed Frameworks";
			runOnlyForDeploymentPostprocessing = 0;
		};
/* End PBXCopyFilesBuildPhase section */

/* Begin PBXFileReference section */
		DA138DD220E0FC2500A47DAE /* Demo.app */ = {isa = PBXFileReference; explicitFileType = wrapper.application; includeInIndex = 0; path = Demo.app; sourceTree = BUILT_PRODUCTS_DIR; };
		DA2C104120F88B4F00EDC0D4 /* Presenter+PlayerDelegate.swift */ = {isa = PBXFileReference; lastKnownFileType = sourcecode.swift; path = "Presenter+PlayerDelegate.swift"; sourceTree = "<group>"; };
		DA2C104320F88B9600EDC0D4 /* Presenter+Control.swift */ = {isa = PBXFileReference; lastKnownFileType = sourcecode.swift; path = "Presenter+Control.swift"; sourceTree = "<group>"; };
		DA2C104520F88F2000EDC0D4 /* ViewModel.swift */ = {isa = PBXFileReference; lastKnownFileType = sourcecode.swift; path = ViewModel.swift; sourceTree = "<group>"; };
		DA2C104720F8936100EDC0D4 /* ViewToolbar.swift */ = {isa = PBXFileReference; lastKnownFileType = sourcecode.swift; path = ViewToolbar.swift; sourceTree = "<group>"; };
		DA3E941920E0FF2600F049AD /* Configuration */ = {isa = PBXFileReference; lastKnownFileType = folder; path = Configuration; sourceTree = "<group>"; };
		DA3E941B20E0FF3400F049AD /* LaunchScreen.storyboard */ = {isa = PBXFileReference; fileEncoding = 4; lastKnownFileType = file.storyboard; path = LaunchScreen.storyboard; sourceTree = "<group>"; };
		DA3E941E20E0FF4800F049AD /* Application.swift */ = {isa = PBXFileReference; lastKnownFileType = sourcecode.swift; path = Application.swift; sourceTree = "<group>"; };
		DA3E943820E1024B00F049AD /* AudioPlayer.framework */ = {isa = PBXFileReference; explicitFileType = wrapper.framework; path = AudioPlayer.framework; sourceTree = BUILT_PRODUCTS_DIR; };
		DA5E48CF20E109D2003F4619 /* View.swift */ = {isa = PBXFileReference; lastKnownFileType = sourcecode.swift; path = View.swift; sourceTree = "<group>"; };
		DA606AEB20E10E1F003C6EFB /* Presenter.swift */ = {isa = PBXFileReference; lastKnownFileType = sourcecode.swift; path = Presenter.swift; sourceTree = "<group>"; };
		DA606AF120E1115D003C6EFB /* ViewContent.swift */ = {isa = PBXFileReference; lastKnownFileType = sourcecode.swift; path = ViewContent.swift; sourceTree = "<group>"; };
		DA606AF520E1149B003C6EFB /* Navigation.swift */ = {isa = PBXFileReference; lastKnownFileType = sourcecode.swift; path = Navigation.swift; sourceTree = "<group>"; };
		DA606AF820E11531003C6EFB /* en */ = {isa = PBXFileReference; lastKnownFileType = text.plist.strings; name = en; path = en.lproj/Localizable.strings; sourceTree = "<group>"; };
		DA606AFA20E1299E003C6EFB /* guitars.m4a */ = {isa = PBXFileReference; lastKnownFileType = file; path = guitars.m4a; sourceTree = "<group>"; };
		DADA3C14210B3D4800AE98A9 /* Black_Acid_Prophecy_-_14_-_Servant_of_the_Storm.mp3 */ = {isa = PBXFileReference; lastKnownFileType = audio.mp3; path = "Black_Acid_Prophecy_-_14_-_Servant_of_the_Storm.mp3"; sourceTree = "<group>"; };
		DADA3C15210B3D4800AE98A9 /* Medusah_Black_-_07_-_Guilty_Pleasure.mp3 */ = {isa = PBXFileReference; lastKnownFileType = audio.mp3; path = "Medusah_Black_-_07_-_Guilty_Pleasure.mp3"; sourceTree = "<group>"; };
		DADA3C16210B3D4800AE98A9 /* Space_Heater_-_04_-_Mode_7.mp3 */ = {isa = PBXFileReference; lastKnownFileType = audio.mp3; path = "Space_Heater_-_04_-_Mode_7.mp3"; sourceTree = "<group>"; };
		DAE8F32620F8D07400EE1B0C /* Constants.swift */ = {isa = PBXFileReference; lastKnownFileType = sourcecode.swift; path = Constants.swift; sourceTree = "<group>"; };
/* End PBXFileReference section */

/* Begin PBXFrameworksBuildPhase section */
		DA138DCF20E0FC2500A47DAE /* Frameworks */ = {
			isa = PBXFrameworksBuildPhase;
			buildActionMask = 2147483647;
			files = (
			);
			runOnlyForDeploymentPostprocessing = 0;
		};
/* End PBXFrameworksBuildPhase section */

/* Begin PBXGroup section */
		DA138DC920E0FC2500A47DAE = {
			isa = PBXGroup;
			children = (
				DA3E941C20E0FF3400F049AD /* Source */,
				DA3E941A20E0FF3400F049AD /* Resources */,
				DA138DD320E0FC2500A47DAE /* Products */,
				DA3E943720E1024B00F049AD /* Frameworks */,
				DA3E941920E0FF2600F049AD /* Configuration */,
			);
			sourceTree = "<group>";
		};
		DA138DD320E0FC2500A47DAE /* Products */ = {
			isa = PBXGroup;
			children = (
				DA138DD220E0FC2500A47DAE /* Demo.app */,
			);
			name = Products;
			sourceTree = "<group>";
		};
		DA3E941A20E0FF3400F049AD /* Resources */ = {
			isa = PBXGroup;
			children = (
				DADA3C14210B3D4800AE98A9 /* Black_Acid_Prophecy_-_14_-_Servant_of_the_Storm.mp3 */,
				DADA3C15210B3D4800AE98A9 /* Medusah_Black_-_07_-_Guilty_Pleasure.mp3 */,
				DADA3C16210B3D4800AE98A9 /* Space_Heater_-_04_-_Mode_7.mp3 */,
				DA606AFA20E1299E003C6EFB /* guitars.m4a */,
				DA3E941B20E0FF3400F049AD /* LaunchScreen.storyboard */,
				DA606AF720E11531003C6EFB /* Localizable.strings */,
			);
			path = Resources;
			sourceTree = "<group>";
		};
		DA3E941C20E0FF3400F049AD /* Source */ = {
			isa = PBXGroup;
			children = (
				DA3E941E20E0FF4800F049AD /* Application.swift */,
				DA606AF520E1149B003C6EFB /* Navigation.swift */,
				DA5E48CF20E109D2003F4619 /* View.swift */,
				DA2C104720F8936100EDC0D4 /* ViewToolbar.swift */,
				DA606AF120E1115D003C6EFB /* ViewContent.swift */,
				DA2C104520F88F2000EDC0D4 /* ViewModel.swift */,
				DA606AEB20E10E1F003C6EFB /* Presenter.swift */,
				DA2C104320F88B9600EDC0D4 /* Presenter+Control.swift */,
				DA2C104120F88B4F00EDC0D4 /* Presenter+PlayerDelegate.swift */,
				DAE8F32620F8D07400EE1B0C /* Constants.swift */,
			);
			path = Source;
			sourceTree = "<group>";
		};
		DA3E943720E1024B00F049AD /* Frameworks */ = {
			isa = PBXGroup;
			children = (
				DA3E943820E1024B00F049AD /* AudioPlayer.framework */,
			);
			name = Frameworks;
			sourceTree = "<group>";
		};
/* End PBXGroup section */

/* Begin PBXNativeTarget section */
		DA138DD120E0FC2500A47DAE /* Demo */ = {
			isa = PBXNativeTarget;
			buildConfigurationList = DA138DE420E0FC2600A47DAE /* Build configuration list for PBXNativeTarget "Demo" */;
			buildPhases = (
				DA138DCE20E0FC2500A47DAE /* Sources */,
				DA138DCF20E0FC2500A47DAE /* Frameworks */,
				DA138DD020E0FC2500A47DAE /* Resources */,
				DA53E90020E2697100CE899D /* Embed Frameworks */,
			);
			buildRules = (
			);
			dependencies = (
			);
			name = Demo;
			productName = Demo;
			productReference = DA138DD220E0FC2500A47DAE /* Demo.app */;
			productType = "com.apple.product-type.application";
		};
/* End PBXNativeTarget section */

/* Begin PBXProject section */
		DA138DCA20E0FC2500A47DAE /* Project object */ = {
			isa = PBXProject;
			attributes = {
				LastSwiftUpdateCheck = 0940;
				LastUpgradeCheck = 0940;
				ORGANIZATIONNAME = Blinkist;
				TargetAttributes = {
					DA138DD120E0FC2500A47DAE = {
						CreatedOnToolsVersion = 9.4.1;
						LastSwiftMigration = 0940;
					};
				};
			};
			buildConfigurationList = DA138DCD20E0FC2500A47DAE /* Build configuration list for PBXProject "Demo" */;
			compatibilityVersion = "Xcode 9.3";
			developmentRegion = en;
			hasScannedForEncodings = 0;
			knownRegions = (
				en,
			);
			mainGroup = DA138DC920E0FC2500A47DAE;
			productRefGroup = DA138DD320E0FC2500A47DAE /* Products */;
			projectDirPath = "";
			projectRoot = "";
			targets = (
				DA138DD120E0FC2500A47DAE /* Demo */,
			);
		};
/* End PBXProject section */

/* Begin PBXResourcesBuildPhase section */
		DA138DD020E0FC2500A47DAE /* Resources */ = {
			isa = PBXResourcesBuildPhase;
			buildActionMask = 2147483647;
			files = (
				DA3E941D20E0FF3400F049AD /* LaunchScreen.storyboard in Resources */,
				DADA3C17210B3D4800AE98A9 /* Black_Acid_Prophecy_-_14_-_Servant_of_the_Storm.mp3 in Resources */,
				DADA3C18210B3D4800AE98A9 /* Medusah_Black_-_07_-_Guilty_Pleasure.mp3 in Resources */,
				DA606AFB20E1299E003C6EFB /* guitars.m4a in Resources */,
				DA606AF920E11531003C6EFB /* Localizable.strings in Resources */,
				DADA3C19210B3D4800AE98A9 /* Space_Heater_-_04_-_Mode_7.mp3 in Resources */,
			);
			runOnlyForDeploymentPostprocessing = 0;
		};
/* End PBXResourcesBuildPhase section */

/* Begin PBXSourcesBuildPhase section */
		DA138DCE20E0FC2500A47DAE /* Sources */ = {
			isa = PBXSourcesBuildPhase;
			buildActionMask = 2147483647;
			files = (
				DA2C104620F88F2000EDC0D4 /* ViewModel.swift in Sources */,
				DA2C104220F88B4F00EDC0D4 /* Presenter+PlayerDelegate.swift in Sources */,
				DA606AF220E1115D003C6EFB /* ViewContent.swift in Sources */,
				DA2C104420F88B9600EDC0D4 /* Presenter+Control.swift in Sources */,
				DA606AEC20E10E1F003C6EFB /* Presenter.swift in Sources */,
				DAE8F32720F8D07400EE1B0C /* Constants.swift in Sources */,
				DA5E48D020E109D2003F4619 /* View.swift in Sources */,
				DA606AF620E1149B003C6EFB /* Navigation.swift in Sources */,
				DA3E941F20E0FF4800F049AD /* Application.swift in Sources */,
				DA2C104820F8936100EDC0D4 /* ViewToolbar.swift in Sources */,
			);
			runOnlyForDeploymentPostprocessing = 0;
		};
/* End PBXSourcesBuildPhase section */

/* Begin PBXVariantGroup section */
		DA606AF720E11531003C6EFB /* Localizable.strings */ = {
			isa = PBXVariantGroup;
			children = (
				DA606AF820E11531003C6EFB /* en */,
			);
			name = Localizable.strings;
			sourceTree = "<group>";
		};
/* End PBXVariantGroup section */

/* Begin XCBuildConfiguration section */
		DA138DE220E0FC2600A47DAE /* Debug */ = {
			isa = XCBuildConfiguration;
			buildSettings = {
				ALWAYS_SEARCH_USER_PATHS = NO;
				CLANG_ANALYZER_NONNULL = YES;
				CLANG_ANALYZER_NUMBER_OBJECT_CONVERSION = YES_AGGRESSIVE;
				CLANG_CXX_LANGUAGE_STANDARD = "gnu++14";
				CLANG_CXX_LIBRARY = "libc++";
				CLANG_ENABLE_MODULES = YES;
				CLANG_ENABLE_OBJC_ARC = YES;
				CLANG_ENABLE_OBJC_WEAK = YES;
				CLANG_WARN_BLOCK_CAPTURE_AUTORELEASING = YES;
				CLANG_WARN_BOOL_CONVERSION = YES;
				CLANG_WARN_COMMA = YES;
				CLANG_WARN_CONSTANT_CONVERSION = YES;
				CLANG_WARN_DEPRECATED_OBJC_IMPLEMENTATIONS = YES;
				CLANG_WARN_DIRECT_OBJC_ISA_USAGE = YES_ERROR;
				CLANG_WARN_DOCUMENTATION_COMMENTS = YES;
				CLANG_WARN_EMPTY_BODY = YES;
				CLANG_WARN_ENUM_CONVERSION = YES;
				CLANG_WARN_INFINITE_RECURSION = YES;
				CLANG_WARN_INT_CONVERSION = YES;
				CLANG_WARN_NON_LITERAL_NULL_CONVERSION = YES;
				CLANG_WARN_OBJC_IMPLICIT_RETAIN_SELF = YES;
				CLANG_WARN_OBJC_LITERAL_CONVERSION = YES;
				CLANG_WARN_OBJC_ROOT_CLASS = YES_ERROR;
				CLANG_WARN_RANGE_LOOP_ANALYSIS = YES;
				CLANG_WARN_STRICT_PROTOTYPES = YES;
				CLANG_WARN_SUSPICIOUS_MOVE = YES;
				CLANG_WARN_UNGUARDED_AVAILABILITY = YES_AGGRESSIVE;
				CLANG_WARN_UNREACHABLE_CODE = YES;
				CLANG_WARN__DUPLICATE_METHOD_MATCH = YES;
				CODE_SIGN_IDENTITY = "iPhone Developer";
				COPY_PHASE_STRIP = NO;
				DEBUG_INFORMATION_FORMAT = dwarf;
				ENABLE_BITCODE = NO;
				ENABLE_STRICT_OBJC_MSGSEND = YES;
				ENABLE_TESTABILITY = YES;
				GCC_C_LANGUAGE_STANDARD = gnu11;
				GCC_DYNAMIC_NO_PIC = NO;
				GCC_NO_COMMON_BLOCKS = YES;
				GCC_OPTIMIZATION_LEVEL = 0;
				GCC_PREPROCESSOR_DEFINITIONS = (
					"DEBUG=1",
					"$(inherited)",
				);
				GCC_WARN_64_TO_32_BIT_CONVERSION = YES;
				GCC_WARN_ABOUT_RETURN_TYPE = YES_ERROR;
				GCC_WARN_UNDECLARED_SELECTOR = YES;
				GCC_WARN_UNINITIALIZED_AUTOS = YES_AGGRESSIVE;
				GCC_WARN_UNUSED_FUNCTION = YES;
				GCC_WARN_UNUSED_VARIABLE = YES;
				IPHONEOS_DEPLOYMENT_TARGET = 9.0;
				MTL_ENABLE_DEBUG_INFO = YES;
				ONLY_ACTIVE_ARCH = YES;
				SDKROOT = iphoneos;
				SWIFT_ACTIVE_COMPILATION_CONDITIONS = DEBUG;
				SWIFT_OBJC_INTERFACE_HEADER_NAME = "$(SWIFT_MODULE_NAME)-Swift.h";
				SWIFT_OPTIMIZATION_LEVEL = "-Onone";
				SWIFT_VERSION = 4.0;
				USE_HEADERMAP = NO;
				VERSIONING_SYSTEM = "apple-generic";
			};
			name = Debug;
		};
		DA138DE320E0FC2600A47DAE /* Release */ = {
			isa = XCBuildConfiguration;
			buildSettings = {
				ALWAYS_SEARCH_USER_PATHS = NO;
				CLANG_ANALYZER_NONNULL = YES;
				CLANG_ANALYZER_NUMBER_OBJECT_CONVERSION = YES_AGGRESSIVE;
				CLANG_CXX_LANGUAGE_STANDARD = "gnu++14";
				CLANG_CXX_LIBRARY = "libc++";
				CLANG_ENABLE_MODULES = YES;
				CLANG_ENABLE_OBJC_ARC = YES;
				CLANG_ENABLE_OBJC_WEAK = YES;
				CLANG_WARN_BLOCK_CAPTURE_AUTORELEASING = YES;
				CLANG_WARN_BOOL_CONVERSION = YES;
				CLANG_WARN_COMMA = YES;
				CLANG_WARN_CONSTANT_CONVERSION = YES;
				CLANG_WARN_DEPRECATED_OBJC_IMPLEMENTATIONS = YES;
				CLANG_WARN_DIRECT_OBJC_ISA_USAGE = YES_ERROR;
				CLANG_WARN_DOCUMENTATION_COMMENTS = YES;
				CLANG_WARN_EMPTY_BODY = YES;
				CLANG_WARN_ENUM_CONVERSION = YES;
				CLANG_WARN_INFINITE_RECURSION = YES;
				CLANG_WARN_INT_CONVERSION = YES;
				CLANG_WARN_NON_LITERAL_NULL_CONVERSION = YES;
				CLANG_WARN_OBJC_IMPLICIT_RETAIN_SELF = YES;
				CLANG_WARN_OBJC_LITERAL_CONVERSION = YES;
				CLANG_WARN_OBJC_ROOT_CLASS = YES_ERROR;
				CLANG_WARN_RANGE_LOOP_ANALYSIS = YES;
				CLANG_WARN_STRICT_PROTOTYPES = YES;
				CLANG_WARN_SUSPICIOUS_MOVE = YES;
				CLANG_WARN_UNGUARDED_AVAILABILITY = YES_AGGRESSIVE;
				CLANG_WARN_UNREACHABLE_CODE = YES;
				CLANG_WARN__DUPLICATE_METHOD_MATCH = YES;
				CODE_SIGN_IDENTITY = "iPhone Developer";
				COPY_PHASE_STRIP = NO;
				DEBUG_INFORMATION_FORMAT = dwarf;
				ENABLE_BITCODE = NO;
				ENABLE_NS_ASSERTIONS = NO;
				ENABLE_STRICT_OBJC_MSGSEND = YES;
				GCC_C_LANGUAGE_STANDARD = gnu11;
				GCC_NO_COMMON_BLOCKS = YES;
				GCC_WARN_64_TO_32_BIT_CONVERSION = YES;
				GCC_WARN_ABOUT_RETURN_TYPE = YES_ERROR;
				GCC_WARN_UNDECLARED_SELECTOR = YES;
				GCC_WARN_UNINITIALIZED_AUTOS = YES_AGGRESSIVE;
				GCC_WARN_UNUSED_FUNCTION = YES;
				GCC_WARN_UNUSED_VARIABLE = YES;
				IPHONEOS_DEPLOYMENT_TARGET = 9.0;
				MTL_ENABLE_DEBUG_INFO = NO;
				SDKROOT = iphoneos;
				SWIFT_COMPILATION_MODE = wholemodule;
				SWIFT_OBJC_INTERFACE_HEADER_NAME = "$(SWIFT_MODULE_NAME)-Swift.h";
				SWIFT_OPTIMIZATION_LEVEL = "-O";
				SWIFT_VERSION = 4.0;
				USE_HEADERMAP = NO;
				VALIDATE_PRODUCT = YES;
				VERSIONING_SYSTEM = "apple-generic";
			};
			name = Release;
		};
		DA138DE520E0FC2600A47DAE /* Debug */ = {
			isa = XCBuildConfiguration;
			buildSettings = {
				CODE_SIGN_STYLE = Automatic;
				DEVELOPMENT_TEAM = Y68M8S5N3Q;
				INFOPLIST_FILE = Configuration/source.plist;
				LD_RUNPATH_SEARCH_PATHS = (
					"$(inherited)",
					"@executable_path/Frameworks",
				);
				PRODUCT_BUNDLE_IDENTIFIER = com.blinkist.AudioPlayer.Demo;
				PRODUCT_NAME = "$(TARGET_NAME)";
				SWIFT_OPTIMIZATION_LEVEL = "-Onone";
				SWIFT_PRECOMPILE_BRIDGING_HEADER = YES;
				TARGETED_DEVICE_FAMILY = "1,2";
			};
			name = Debug;
		};
		DA138DE620E0FC2600A47DAE /* Release */ = {
			isa = XCBuildConfiguration;
			buildSettings = {
				CODE_SIGN_STYLE = Automatic;
				DEVELOPMENT_TEAM = Y68M8S5N3Q;
				INFOPLIST_FILE = Configuration/source.plist;
				LD_RUNPATH_SEARCH_PATHS = (
					"$(inherited)",
					"@executable_path/Frameworks",
				);
				PRODUCT_BUNDLE_IDENTIFIER = com.blinkist.AudioPlayer.Demo;
				PRODUCT_NAME = "$(TARGET_NAME)";
				SWIFT_PRECOMPILE_BRIDGING_HEADER = YES;
				TARGETED_DEVICE_FAMILY = "1,2";
			};
			name = Release;
		};
/* End XCBuildConfiguration section */

/* Begin XCConfigurationList section */
		DA138DCD20E0FC2500A47DAE /* Build configuration list for PBXProject "Demo" */ = {
			isa = XCConfigurationList;
			buildConfigurations = (
				DA138DE220E0FC2600A47DAE /* Debug */,
				DA138DE320E0FC2600A47DAE /* Release */,
			);
			defaultConfigurationIsVisible = 0;
			defaultConfigurationName = Release;
		};
		DA138DE420E0FC2600A47DAE /* Build configuration list for PBXNativeTarget "Demo" */ = {
			isa = XCConfigurationList;
			buildConfigurations = (
				DA138DE520E0FC2600A47DAE /* Debug */,
				DA138DE620E0FC2600A47DAE /* Release */,
			);
			defaultConfigurationIsVisible = 0;
			defaultConfigurationName = Release;
		};
/* End XCConfigurationList section */
	};
	rootObject = DA138DCA20E0FC2500A47DAE /* Project object */;
}
